{
    "_meta": {
        "hash": {
            "sha256": "3b90bef959173bc28f4833db307cf54d9fc4c9fe92be50cba5ccb057265d0714"
        },
        "pipfile-spec": 6,
        "requires": {
            "python_version": "3.6"
        },
        "sources": [
            {
                "name": "pypi",
                "url": "https://pypi.org/simple",
                "verify_ssl": true
            }
        ]
    },
    "default": {
        "boto3": {
            "hashes": [
                "sha256:9a84be232ff6432312c16b8e52cc5a01e6ff461cb9b50b3cafee24c6876a5012",
                "sha256:ad269aa51439e0dd5f8245913bd2dd85684e37c237f5635143e96d48ce74f0eb"
            ],
            "index": "pypi",
            "version": "==1.9.246"
        },
        "botocore": {
            "hashes": [
                "sha256:3baf129118575602ada9926f5166d82d02273c250d0feb313fc270944b27c48b",
                "sha256:dc080aed4f9b220a9e916ca29ca97a9d37e8e1d296fe89cbaeef929bf0c8066b"
            ],
            "version": "==1.12.253"
        },
        "docutils": {
            "hashes": [
                "sha256:6c4f696463b79f1fb8ba0c594b63840ebd41f059e92b31957c46b74a4599b6d0",
                "sha256:9e4d7ecfc600058e07ba661411a2b7de2fd0fafa17d1a7f7361cd47b1175c827",
                "sha256:a2aeea129088da402665e92e0b25b04b073c04b2dce4ab65caaa38b7ce2e1a99"
            ],
            "version": "==0.15.2"
        },
        "jmespath": {
            "hashes": [
                "sha256:b85d0567b8666149a93172712e68920734333c0ce7e89b78b3e987f71e5ed4f9",
                "sha256:cdf6525904cc597730141d61b36f2e4b8ecc257c420fa2f4549bac2c2d0cb72f"
            ],
            "version": "==0.10.0"
        },
        "python-dateutil": {
            "hashes": [
                "sha256:73ebfe9dbf22e832286dafa60473e4cd239f8592f699aa5adaf10050e6e1823c",
                "sha256:75bb3f31ea686f1197762692a9ee6a7550b59fc6ca3a1f4b5d7e32fb98e2da2a"
            ],
            "markers": "python_version >= '2.7'",
            "version": "==2.8.1"
        },
        "s3transfer": {
            "hashes": [
                "sha256:6efc926738a3cd576c2a79725fed9afde92378aa5c6a957e3af010cb019fac9d",
                "sha256:b780f2411b824cb541dbcd2c713d0cb61c7d1bcadae204cdddda2b35cef493ba"
            ],
            "version": "==0.2.1"
        },
        "six": {
            "hashes": [
                "sha256:30639c035cdb23534cd4aa2dd52c3bf48f06e5f4a941509c8bafd8ce11080259",
                "sha256:8b74bedcbbbaca38ff6d7491d76f2b06b3592611af620f8426e82dddb04a5ced"
            ],
            "version": "==1.15.0"
        },
        "urllib3": {
            "hashes": [
                "sha256:8d7eaa5a82a1cac232164990f04874c594c9453ec55eef02eab885aa02fc17a2",
                "sha256:f5321fbe4bf3fefa0efd0bfe7fb14e90909eb62a48ccda331726b4319897dd5e"
            ],
            "markers": "python_version >= '3.4'",
            "version": "==1.25.11"
        }
    },
    "develop": {
        "appdirs": {
            "hashes": [
                "sha256:7d5d0167b2b1ba821647616af46a749d1c653740dd0d2415100fe26e27afdf41",
                "sha256:a841dacd6b99318a741b166adb07e19ee71a274450e68237b4650ca1055ab128"
            ],
            "version": "==1.4.4"
        },
        "astroid": {
            "hashes": [
                "sha256:71ea07f44df9568a75d0f354c49143a4575d90645e9fead6dfb52c26a85ed13a",
                "sha256:840947ebfa8b58f318d42301cf8c0a20fd794a33b61cc4638e28e9e61ba32f42"
            ],
            "version": "==2.3.3"
        },
        "attrs": {
            "hashes": [
                "sha256:31b2eced602aa8423c2aea9c76a724617ed67cf9513173fd3a4f03e3a929c7e6",
                "sha256:832aa3cde19744e49938b91fea06d69ecb9e649c93ba974535d08ad92164f700"
            ],
            "version": "==20.3.0"
        },
        "backcall": {
            "hashes": [
                "sha256:5cbdbf27be5e7cfadb448baf0aa95508f91f2bbc6c6437cd9cd06e2a4c215e1e",
                "sha256:fbbce6a29f263178a1f7915c1940bde0ec2b2a967566fe1c65c1dfb7422bd255"
            ],
            "version": "==0.2.0"
        },
        "black": {
            "hashes": [
                "sha256:09a9dcb7c46ed496a9850b76e4e825d6049ecd38b611f1224857a79bd985a8cf",
                "sha256:68950ffd4d9169716bcb8719a56c07a2f4485354fec061cdd5910aa07369731c"
            ],
            "index": "pypi",
            "version": "==19.3b0"
        },
        "click": {
            "hashes": [
                "sha256:681c9380a24b22fec089c8e5ffe40aa16a0da79f248a26fe2481bfa8170bfcc1",
                "sha256:e4315a188403c0258bbc4a4e31863e48fc301c4e95b8007a8eeda0391158df13"
            ],
            "version": "==8.0.0a1"
        },
        "decorator": {
            "hashes": [
                "sha256:41fa54c2a0cc4ba648be4fd43cff00aedf5b9465c9bf18d64325bc225f08f760",
                "sha256:e3a62f0520172440ca0dcc823749319382e377f37f140a0b99ef45fecb84bfe7"
            ],
            "version": "==4.4.2"
        },
        "ipython": {
            "hashes": [
                "sha256:c4ab005921641e40a68e405e286e7a1fcc464497e14d81b6914b4fd95e5dee9b",
                "sha256:dd76831f065f17bddd7eaa5c781f5ea32de5ef217592cf019e34043b56895aa1"
            ],
            "index": "pypi",
            "version": "==7.8.0"
        },
        "ipython-genutils": {
            "hashes": [
                "sha256:72dd37233799e619666c9f639a9da83c34013a73e8bbc79a7a6348d93c61fab8",
                "sha256:eb2e116e75ecef9d4d228fdc66af54269afa26ab4463042e33785b887c628ba8"
            ],
            "version": "==0.2.0"
        },
        "isort": {
            "hashes": [
                "sha256:54da7e92468955c4fceacd0c86bd0ec997b0e1ee80d97f67c35a78b719dccab1",
                "sha256:6e811fcb295968434526407adb8796944f1988c5b65e8139058f2014cbe100fd"
            ],
            "version": "==4.3.21"
        },
        "jedi": {
            "hashes": [
                "sha256:18456d83f65f400ab0c2d3319e48520420ef43b23a086fdc05dff34132f0fb93",
                "sha256:92550a404bad8afed881a137ec9a461fed49eca661414be45059329614ed0707"
            ],
            "version": "==0.18.0"
        },
        "lazy-object-proxy": {
            "hashes": [
                "sha256:0c4b206227a8097f05c4dbdd323c50edf81f15db3b8dc064d08c62d37e1a504d",
                "sha256:194d092e6f246b906e8f70884e620e459fc54db3259e60cf69a4d66c3fda3449",
                "sha256:1be7e4c9f96948003609aa6c974ae59830a6baecc5376c25c92d7d697e684c08",
                "sha256:4677f594e474c91da97f489fea5b7daa17b5517190899cf213697e48d3902f5a",
                "sha256:48dab84ebd4831077b150572aec802f303117c8cc5c871e182447281ebf3ac50",
                "sha256:5541cada25cd173702dbd99f8e22434105456314462326f06dba3e180f203dfd",
                "sha256:59f79fef100b09564bc2df42ea2d8d21a64fdcda64979c0fa3db7bdaabaf6239",
                "sha256:8d859b89baf8ef7f8bc6b00aa20316483d67f0b1cbf422f5b4dc56701c8f2ffb",
                "sha256:9254f4358b9b541e3441b007a0ea0764b9d056afdeafc1a5569eee1cc6c1b9ea",
                "sha256:9651375199045a358eb6741df3e02a651e0330be090b3bc79f6d0de31a80ec3e",
                "sha256:97bb5884f6f1cdce0099f86b907aa41c970c3c672ac8b9c8352789e103cf3156",
                "sha256:9b15f3f4c0f35727d3a0fba4b770b3c4ebbb1fa907dbcc046a1d2799f3edd142",
                "sha256:a2238e9d1bb71a56cd710611a1614d1194dc10a175c1e08d75e1a7bcc250d442",
                "sha256:a6ae12d08c0bf9909ce12385803a543bfe99b95fe01e752536a60af2b7797c62",
                "sha256:ca0a928a3ddbc5725be2dd1cf895ec0a254798915fb3a36af0964a0a4149e3db",
                "sha256:cb2c7c57005a6804ab66f106ceb8482da55f5314b7fcb06551db1edae4ad1531",
                "sha256:d74bb8693bf9cf75ac3b47a54d716bbb1a92648d5f781fc799347cfc95952383",
                "sha256:d945239a5639b3ff35b70a88c5f2f491913eb94871780ebfabb2568bd58afc5a",
                "sha256:eba7011090323c1dadf18b3b689845fd96a61ba0a1dfbd7f24b921398affc357",
                "sha256:efa1909120ce98bbb3777e8b6f92237f5d5c8ea6758efea36a473e1d38f7d3e4",
                "sha256:f3900e8a5de27447acbf900b4750b0ddfd7ec1ea7fbaf11dfa911141bc522af0"
            ],
            "version": "==1.4.3"
        },
        "mccabe": {
            "hashes": [
                "sha256:ab8a6258860da4b6677da4bd2fe5dc2c659cff31b3ee4f7f5d64e79735b80d42",
                "sha256:dd8d182285a0fe56bace7f45b5e7d1a6ebcbf524e8f3bd87eb0f125271b8831f"
            ],
            "version": "==0.6.1"
        },
        "parso": {
            "hashes": [
                "sha256:15b00182f472319383252c18d5913b69269590616c947747bc50bf4ac768f410",
                "sha256:8519430ad07087d4c997fda3a7918f7cfa27cb58972a8c89c2a0295a1c940e9e"
            ],
            "version": "==0.8.1"
        },
        "pexpect": {
            "hashes": [
                "sha256:0b48a55dcb3c05f3329815901ea4fc1537514d6ba867a152b581d69ae3710937",
                "sha256:fc65a43959d153d0114afe13997d439c22823a27cefceb5ff35c2178c6784c0c"
            ],
            "markers": "sys_platform != 'win32'",
            "version": "==4.8.0"
        },
        "pickleshare": {
            "hashes": [
                "sha256:87683d47965c1da65cdacaf31c8441d12b8044cdec9aca500cd78fc2c683afca",
                "sha256:9649af414d74d4df115d5d718f82acb59c9d418196b7b4290ed47a12ce62df56"
            ],
            "version": "==0.7.5"
        },
        "prompt-toolkit": {
            "hashes": [
                "sha256:46642344ce457641f28fc9d1c9ca939b63dadf8df128b86f1b9860e59c73a5e4",
                "sha256:e7f8af9e3d70f514373bf41aa51bc33af12a6db3f71461ea47fea985defb2c31",
                "sha256:f15af68f66e664eaa559d4ac8a928111eebd5feda0c11738b5998045224829db"
            ],
            "version": "==2.0.10"
        },
        "ptyprocess": {
            "hashes": [
                "sha256:4b41f3967fce3af57cc7e94b888626c18bf37a083e3651ca8feeb66d492fef35",
                "sha256:5c5d0a3b48ceee0b48485e0c26037c0acd7d29765ca3fbb5cb3831d347423220"
            ],
            "version": "==0.7.0"
        },
        "pygments": {
            "hashes": [
                "sha256:bc9591213a8f0e0ca1a5e68a479b4887fdc3e75d0774e5c71c31920c427de435",
                "sha256:df49d09b498e83c1a73128295860250b0b7edd4c723a32e9bc0d295c7c2ec337"
            ],
            "index": "pypi",
            "version": "==2.7.4"
        },
        "pylint": {
            "hashes": [
                "sha256:7edbae11476c2182708063ac387a8f97c760d9cfe36a5ede0ca996f90cf346c8",
                "sha256:844ce067788028c1a35086a5c66bc5e599ddd851841c41d6ee1623b36774d9f2"
            ],
            "index": "pypi",
            "version": "==2.4.2"
        },
        "rope": {
            "hashes": [
                "sha256:6b728fdc3e98a83446c27a91fc5d56808a004f8beab7a31ab1d7224cecc7d969",
                "sha256:c5c5a6a87f7b1a2095fb311135e2a3d1f194f5ecb96900fdd0a9100881f48aaf",
                "sha256:f0dcf719b63200d492b85535ebe5ea9b29e0d0b8aebeb87fe03fc1a65924fdaf"
            ],
            "index": "pypi",
            "version": "==0.14.0"
        },
        "six": {
            "hashes": [
                "sha256:30639c035cdb23534cd4aa2dd52c3bf48f06e5f4a941509c8bafd8ce11080259",
                "sha256:8b74bedcbbbaca38ff6d7491d76f2b06b3592611af620f8426e82dddb04a5ced"
            ],
            "version": "==1.15.0"
        },
        "toml": {
            "hashes": [
                "sha256:806143ae5bfb6a3c6e736a764057db0e6a0e05e338b5630894a5f779cabb4f9b",
                "sha256:b3bda1d108d5dd99f4a20d24d9c348e91c4db7ab1b749200bded2f839ccbe68f"
            ],
            "version": "==0.10.2"
        },
        "traitlets": {
            "hashes": [
                "sha256:70b4c6a1d9019d7b4f6846832288f86998aa3b9207c6821f3578a6a6a467fe44",
                "sha256:d023ee369ddd2763310e4c3eae1ff649689440d4ae59d7485eb4cfbbe3e359f7"
            ],
            "version": "==4.3.3"
        },
        "typed-ast": {
            "hashes": [
                "sha256:07d49388d5bf7e863f7fa2f124b1b1d89d8aa0e2f7812faff0a5658c01c59aa1",
                "sha256:14bf1522cdee369e8f5581238edac09150c765ec1cb33615855889cf33dcb92d",
                "sha256:240296b27397e4e37874abb1df2a608a92df85cf3e2a04d0d4d61055c8305ba6",
                "sha256:36d829b31ab67d6fcb30e185ec996e1f72b892255a745d3a82138c97d21ed1cd",
                "sha256:37f48d46d733d57cc70fd5f30572d11ab8ed92da6e6b28e024e4a3edfb456e37",
                "sha256:4c790331247081ea7c632a76d5b2a265e6d325ecd3179d06e9cf8d46d90dd151",
                "sha256:5dcfc2e264bd8a1db8b11a892bd1647154ce03eeba94b461effe68790d8b8e07",
                "sha256:7147e2a76c75f0f64c4319886e7639e490fee87c9d25cb1d4faef1d8cf83a440",
                "sha256:7703620125e4fb79b64aa52427ec192822e9f45d37d4b6625ab37ef403e1df70",
                "sha256:8368f83e93c7156ccd40e49a783a6a6850ca25b556c0fa0240ed0f659d2fe496",
                "sha256:84aa6223d71012c68d577c83f4e7db50d11d6b1399a9c779046d75e24bed74ea",
                "sha256:85f95aa97a35bdb2f2f7d10ec5bbdac0aeb9dafdaf88e17492da0504de2e6400",
                "sha256:8db0e856712f79c45956da0c9a40ca4246abc3485ae0d7ecc86a20f5e4c09abc",
                "sha256:9044ef2df88d7f33692ae3f18d3be63dec69c4fb1b5a4a9ac950f9b4ba571606",
                "sha256:963c80b583b0661918718b095e02303d8078950b26cc00b5e5ea9ababe0de1fc",
                "sha256:987f15737aba2ab5f3928c617ccf1ce412e2e321c77ab16ca5a293e7bbffd581",
                "sha256:9ec45db0c766f196ae629e509f059ff05fc3148f9ffd28f3cfe75d4afb485412",
                "sha256:9fc0b3cb5d1720e7141d103cf4819aea239f7d136acf9ee4a69b047b7986175a",
                "sha256:a2c927c49f2029291fbabd673d51a2180038f8cd5a5b2f290f78c4516be48be2",
                "sha256:a38878a223bdd37c9709d07cd357bb79f4c760b29210e14ad0fb395294583787",
                "sha256:b4fcdcfa302538f70929eb7b392f536a237cbe2ed9cba88e3bf5027b39f5f77f",
                "sha256:c0c74e5579af4b977c8b932f40a5464764b2f86681327410aa028a22d2f54937",
                "sha256:c1c876fd795b36126f773db9cbb393f19808edd2637e00fd6caba0e25f2c7b64",
                "sha256:c9aadc4924d4b5799112837b226160428524a9a45f830e0d0f184b19e4090487",
                "sha256:cc7b98bf58167b7f2db91a4327da24fb93368838eb84a44c472283778fc2446b",
                "sha256:cf54cfa843f297991b7388c281cb3855d911137223c6b6d2dd82a47ae5125a41",
                "sha256:d003156bb6a59cda9050e983441b7fa2487f7800d76bdc065566b7d728b4581a",
                "sha256:d175297e9533d8d37437abc14e8a83cbc68af93cc9c1c59c2c292ec59a0697a3",
                "sha256:d746a437cdbca200622385305aedd9aef68e8a645e385cc483bdc5e488f07166",
                "sha256:e683e409e5c45d5c9082dc1daf13f6374300806240719f95dc783d1fc942af10"
            ],
            "markers": "implementation_name == 'cpython' and python_version < '3.8'",
            "version": "==1.4.2"
        },
        "wcwidth": {
            "hashes": [
                "sha256:beb4802a9cebb9144e99086eff703a642a13d6a0052920003a230f3294bbe784",
                "sha256:c4d647b99872929fdb7bdcaa4fbe7f01413ed3d98077df798530e5b04f116c83"
            ],
            "version": "==0.2.5"
        },
        "wrapt": {
            "hashes": [
                "sha256:565a021fd19419476b9362b05eeaa094178de64f8361e44468f9e9d7843901e1"
            ],
            "version": "==1.11.2"
        }
    }
}
